<?xml version="1.0" encoding="utf-8"?>
<Project ToolsVersion="4.0" xmlns="http://schemas.microsoft.com/developer/msbuild/2003">
  <ItemGroup>
    <Filter Include="소스 파일">
      <UniqueIdentifier>{4FC737F1-C7A5-4376-A066-2A32D752A2FF}</UniqueIdentifier>
      <Extensions>cpp;c;cc;cxx;def;odl;idl;hpj;bat;asm;asmx</Extensions>
    </Filter>
    <Filter Include="리소스 파일">
      <UniqueIdentifier>{67DA6AB6-F800-4c08-8B7A-83BB121AAD01}</UniqueIdentifier>
      <Extensions>rc;ico;cur;bmp;dlg;rc2;rct;bin;rgs;gif;jpg;jpeg;jpe;resx;tiff;tif;png;wav;mfcribbon-ms</Extensions>
    </Filter>
    <Filter Include="floor">
      <UniqueIdentifier>{9551c49d-4bce-4470-94a0-5ef420439099}</UniqueIdentifier>
    </Filter>
    <Filter Include="cookie">
      <UniqueIdentifier>{746cd4f7-17ea-4e88-a6d7-389293eb0cae}</UniqueIdentifier>
    </Filter>
    <Filter Include="background">
      <UniqueIdentifier>{12249888-8c02-4739-8e54-458e616347ba}</UniqueIdentifier>
    </Filter>
    <Filter Include="헤더 파일">
      <UniqueIdentifier>{93995380-89BD-4b04-88EB-625FBE52EBFB}</UniqueIdentifier>
      <Extensions>h;hh;hpp;hxx;hm;inl;inc;ipp;xsd</Extensions>
    </Filter>
    <Filter Include="state">
      <UniqueIdentifier>{d786a536-bbff-430a-8975-d5128d2973a4}</UniqueIdentifier>
    </Filter>
    <Filter Include="state\mainmenu">
      <UniqueIdentifier>{24518a36-7534-4cf0-80fb-e0c1101f5f33}</UniqueIdentifier>
    </Filter>
    <Filter Include="state\InGame">
      <UniqueIdentifier>{fc788a00-1045-4d2a-8e91-136b564114ba}</UniqueIdentifier>
    </Filter>
    <Filter Include="state\popupPause">
      <UniqueIdentifier>{4d7732fb-fe88-405c-9933-3a3cb4fb1afe}</UniqueIdentifier>
    </Filter>
    <Filter Include="state\button">
      <UniqueIdentifier>{c7d21ee4-4d16-4ef3-9f08-05ebb71f9d4b}</UniqueIdentifier>
    </Filter>
    <Filter Include="blur">
      <UniqueIdentifier>{1138c52f-ca57-48d3-8683-cc61cfe0693e}</UniqueIdentifier>
    </Filter>
  </ItemGroup>
  <ItemGroup>
    <ClCompile Include="Game.cpp">
      <Filter>소스 파일</Filter>
    </ClCompile>
    <ClCompile Include="GameObject.cpp">
      <Filter>소스 파일</Filter>
    </ClCompile>
    <ClCompile Include="InputHandler.cpp">
      <Filter>소스 파일</Filter>
    </ClCompile>
    <ClCompile Include="main.cpp">
      <Filter>소스 파일</Filter>
    </ClCompile>
    <ClCompile Include="SDLGameObject.cpp">
      <Filter>소스 파일</Filter>
    </ClCompile>
    <ClCompile Include="TextureManager.cpp">
      <Filter>소스 파일</Filter>
    </ClCompile>
    <ClCompile Include="assetLoad.cpp">
      <Filter>리소스 파일</Filter>
    </ClCompile>
    <ClCompile Include="floorControl.cpp">
      <Filter>floor</Filter>
    </ClCompile>
    <ClCompile Include="player.cpp">
      <Filter>cookie</Filter>
    </ClCompile>
    <ClCompile Include="floor.cpp">
      <Filter>floor</Filter>
    </ClCompile>
    <ClCompile Include="Background.cpp">
      <Filter>background</Filter>
    </ClCompile>
    <ClCompile Include="backgroundControl.cpp">
      <Filter>background</Filter>
    </ClCompile>
    <ClCompile Include="playerAction.cpp">
      <Filter>cookie</Filter>
    </ClCompile>
    <ClCompile Include="GameStateMachine.cpp">
      <Filter>state</Filter>
    </ClCompile>
    <ClCompile Include="PlayState.cpp">
      <Filter>state\InGame</Filter>
    </ClCompile>
    <ClCompile Include="Menustate.cpp">
      <Filter>state\mainmenu</Filter>
    </ClCompile>
    <ClCompile Include="mainMenu.cpp">
      <Filter>state\mainmenu</Filter>
    </ClCompile>
    <ClCompile Include="popupPauseState.cpp">
      <Filter>state\popupPause</Filter>
    </ClCompile>
    <ClCompile Include="pauseDraw.cpp">
      <Filter>state\popupPause</Filter>
    </ClCompile>
    <ClCompile Include="button.cpp">
      <Filter>state\button</Filter>
    </ClCompile>
    <ClCompile Include="blur.cpp">
      <Filter>blur</Filter>
    </ClCompile>
  </ItemGroup>
  <ItemGroup>
    <ClInclude Include="Game.h">
      <Filter>헤더 파일</Filter>
    </ClInclude>
    <ClInclude Include="GameObject.h">
      <Filter>헤더 파일</Filter>
    </ClInclude>
    <ClInclude Include="InputHandler.h">
      <Filter>헤더 파일</Filter>
    </ClInclude>
    <ClInclude Include="LoaderParams.h">
      <Filter>헤더 파일</Filter>
    </ClInclude>
    <ClInclude Include="SDLGameObject.h">
      <Filter>헤더 파일</Filter>
    </ClInclude>
    <ClInclude Include="TextureManager.h">
      <Filter>헤더 파일</Filter>
    </ClInclude>
    <ClInclude Include="Vector2D.h">
      <Filter>헤더 파일</Filter>
    </ClInclude>
    <ClInclude Include="assetLoad.h">
      <Filter>리소스 파일</Filter>
    </ClInclude>
    <ClInclude Include="Player.h">
      <Filter>cookie</Filter>
    </ClInclude>
    <ClInclude Include="floor.h">
      <Filter>floor</Filter>
    </ClInclude>
    <ClInclude Include="background.h">
      <Filter>background</Filter>
    </ClInclude>
    <ClInclude Include="backgroundControl.h">
      <Filter>background</Filter>
    </ClInclude>
    <ClInclude Include="playerAction.h">
      <Filter>cookie</Filter>
    </ClInclude>
    <ClInclude Include="GameState.h">
      <Filter>state</Filter>
    </ClInclude>
    <ClInclude Include="GameStateMachine.h">
      <Filter>state</Filter>
    </ClInclude>
    <ClInclude Include="PlayState.h">
      <Filter>state\InGame</Filter>
    </ClInclude>
    <ClInclude Include="MenuState.h">
      <Filter>state\mainmenu</Filter>
    </ClInclude>
    <ClInclude Include="floorControl.h">
      <Filter>floor</Filter>
    </ClInclude>
    <ClInclude Include="mainMenu.h">
      <Filter>state\mainmenu</Filter>
    </ClInclude>
    <ClInclude Include="popupPauseState.h">
      <Filter>state\popupPause</Filter>
    </ClInclude>
    <ClInclude Include="pauseDraw.h">
      <Filter>state\popupPause</Filter>
    </ClInclude>
    <ClInclude Include="button.h">
      <Filter>state\button</Filter>
    </ClInclude>
    <ClInclude Include="blur.h">
      <Filter>blur</Filter>
    </ClInclude>
  </ItemGroup>
</Project>